{
  "version": "1.0.0",
  "lockfileVersion": 1,
  "requires": true,
  "dependencies": {
    "requirejs": {
      "version": "2.3.5",
      "resolved": "https://registry.npmjs.org/requirejs/-/requirejs-2.3.5.tgz",
      "integrity": "sha512-svnO+aNcR/an9Dpi44C7KSAy5fFGLtmPbaaCeQaklUz8BQhS64tWWIIlvEA5jrWICzlO/X9KSzSeXFnZdBu8nw==",
      "dev": true
    },
    "vbjs": {
      "version": "1.1.8",
      "resolved": "https://registry.npmjs.org/vbjs/-/vbjs-1.1.8.tgz",
      "integrity": "sha512-UndgOBIoGAX97SKMCp6ASkg+J1AfjGXkkwHz7dtg1RwQFPF8k3TZkFCZLrnEykgmBujikE6nIUQOlGkmzGp+nQ==",
      "dev": true,
      "requires": {
        "requirejs": "2.3.5"
      }
    }
  }
}
