{
  "version": "1.0.0",
  "lockfileVersion": 1,
  "requires": true,
  "dependencies": {
    "requirejs": {
      "version": "2.3.5",
      "resolved": "https://registry.npmjs.org/requirejs/-/requirejs-2.3.5.tgz",
      "integrity": "sha512-svnO+aNcR/an9Dpi44C7KSAy5fFGLtmPbaaCeQaklUz8BQhS64tWWIIlvEA5jrWICzlO/X9KSzSeXFnZdBu8nw==",
      "dev": true
    },
    "vbjs": {
      "version": "1.2.6",
      "resolved": "https://registry.npmjs.org/vbjs/-/vbjs-1.2.6.tgz",
      "integrity": "sha512-FGSBBHxDbPcRvJlX6TD3ZL2bn45ipjwlLbUnjW5DC7A8y58SLjiAZa/jFhTMQXVMK/TNwVyHkMFx9+kNzKbT0w==",
      "dev": true,
      "requires": {
        "requirejs": "2.3.5"
      }
    }
  }
}
