{
  "version": "1.0.0",
  "lockfileVersion": 1,
  "requires": true,
  "dependencies": {
    "requirejs": {
      "version": "2.3.5",
      "resolved": "https://registry.npmjs.org/requirejs/-/requirejs-2.3.5.tgz",
      "integrity": "sha512-svnO+aNcR/an9Dpi44C7KSAy5fFGLtmPbaaCeQaklUz8BQhS64tWWIIlvEA5jrWICzlO/X9KSzSeXFnZdBu8nw==",
      "dev": true
    },
    "requirejs-text": {
      "version": "2.0.12",
      "resolved": "https://registry.npmjs.org/requirejs-text/-/requirejs-text-2.0.12.tgz",
      "integrity": "sha1-15FdUOMO81WlOoEj8SpedgpgHrg=",
      "dev": true
    },
    "vbjs": {
      "version": "1.0.51",
      "resolved": "https://registry.npmjs.org/vbjs/-/vbjs-1.0.51.tgz",
      "integrity": "sha512-JNabhZC2T528Vus536B2COoPeeP+WjEoLyPlBWgLAwzevULsK/NAzdclR5a3g5+0q293lP9kra9sE3CDgNks6A==",
      "dev": true,
      "requires": {
        "requirejs": "2.3.5",
        "requirejs-text": "2.0.12"
      }
    }
  }
}
